
Microsoft Visual Studio Solution File, Format Version 12.00
Project("{2150E333-8FDC-42A3-9474-1A3956D46DE8}") = "Services", "Services", "{90ED9B77-A26E-4462-BADE-F14BB203C24D}"
EndProject
Project("{2150E333-8FDC-42A3-9474-1A3956D46DE8}") = "Registration", "Registration", "{62D67BF6-EB29-4A0D-963C-36D422631473}"
EndProject
Project("{2150E333-8FDC-42A3-9474-1A3956D46DE8}") = "Catalog", "Catalog", "{19E30E1A-84AC-4555-B7BA-B7E943631DC4}"
EndProject
Project("{2150E333-8FDC-42A3-9474-1A3956D46DE8}") = "Core", "Core", "{1EBC448C-11DB-49E4-BF2D-F90FF0C4CD03}"
EndProject
Project("{2150E333-8FDC-42A3-9474-1A3956D46DE8}") = "Fiscal", "Fiscal", "{34986CBC-E0C7-46DF-B851-D1814A62D42F}"
EndProject
Project("{2150E333-8FDC-42A3-9474-1A3956D46DE8}") = "Payment", "Payment", "{D277D84D-E099-4216-A6EB-5B5EEE68CB7F}"
EndProject
Project("{2150E333-8FDC-42A3-9474-1A3956D46DE8}") = "Sales", "Sales", "{FD0692B4-8D55-4E31-92F2-E6E8580E0CE7}"
EndProject
Project("{2150E333-8FDC-42A3-9474-1A3956D46DE8}") = "WebApps", "WebApps", "{CC2149E6-ADBD-45F9-99D7-54BD92A77839}"
EndProject
Project("{FAE04EC0-301F-11D3-BF4B-00C04F79EFBC}") = "Ddd.Catalog.Domain", "src\Ddd.Catalog.Domain\Ddd.Catalog.Domain.csproj", "{9A847348-C633-49F0-B19D-44E81E58FC90}"
EndProject
Project("{FAE04EC0-301F-11D3-BF4B-00C04F79EFBC}") = "Ddd.Core", "src\Ddd.Core\Ddd.Core.csproj", "{095FFCDB-B32F-4E8E-B059-2CD1F716E5B0}"
EndProject
Global
	GlobalSection(SolutionConfigurationPlatforms) = preSolution
		Debug|Any CPU = Debug|Any CPU
		Release|Any CPU = Release|Any CPU
	EndGlobalSection
	GlobalSection(NestedProjects) = preSolution
		{62D67BF6-EB29-4A0D-963C-36D422631473} = {90ED9B77-A26E-4462-BADE-F14BB203C24D}
		{19E30E1A-84AC-4555-B7BA-B7E943631DC4} = {90ED9B77-A26E-4462-BADE-F14BB203C24D}
		{1EBC448C-11DB-49E4-BF2D-F90FF0C4CD03} = {90ED9B77-A26E-4462-BADE-F14BB203C24D}
		{34986CBC-E0C7-46DF-B851-D1814A62D42F} = {90ED9B77-A26E-4462-BADE-F14BB203C24D}
		{D277D84D-E099-4216-A6EB-5B5EEE68CB7F} = {90ED9B77-A26E-4462-BADE-F14BB203C24D}
		{FD0692B4-8D55-4E31-92F2-E6E8580E0CE7} = {90ED9B77-A26E-4462-BADE-F14BB203C24D}
		{9A847348-C633-49F0-B19D-44E81E58FC90} = {19E30E1A-84AC-4555-B7BA-B7E943631DC4}
		{095FFCDB-B32F-4E8E-B059-2CD1F716E5B0} = {1EBC448C-11DB-49E4-BF2D-F90FF0C4CD03}
	EndGlobalSection
	GlobalSection(ProjectConfigurationPlatforms) = postSolution
		{9A847348-C633-49F0-B19D-44E81E58FC90}.Debug|Any CPU.ActiveCfg = Debug|Any CPU
		{9A847348-C633-49F0-B19D-44E81E58FC90}.Debug|Any CPU.Build.0 = Debug|Any CPU
		{9A847348-C633-49F0-B19D-44E81E58FC90}.Release|Any CPU.ActiveCfg = Release|Any CPU
		{9A847348-C633-49F0-B19D-44E81E58FC90}.Release|Any CPU.Build.0 = Release|Any CPU
		{095FFCDB-B32F-4E8E-B059-2CD1F716E5B0}.Debug|Any CPU.ActiveCfg = Debug|Any CPU
		{095FFCDB-B32F-4E8E-B059-2CD1F716E5B0}.Debug|Any CPU.Build.0 = Debug|Any CPU
		{095FFCDB-B32F-4E8E-B059-2CD1F716E5B0}.Release|Any CPU.ActiveCfg = Release|Any CPU
		{095FFCDB-B32F-4E8E-B059-2CD1F716E5B0}.Release|Any CPU.Build.0 = Release|Any CPU
	EndGlobalSection
EndGlobal
